{
  "requires": true,
  "lockfileVersion": 1,
  "dependencies": {
    "bulma-toast": {
      "version": "2.3.1",
      "resolved": "https://registry.npmjs.org/bulma-toast/-/bulma-toast-2.3.1.tgz",
      "integrity": "sha512-jebDGFJLvzdFd7L8fuYDYJq2DLgzV3XGQY0du3sufZREhZuQ1nNzRIBUHRQZ4NmVkOou8emgSIqhOYE4Qs4O+g=="
    }
  }
}
